
Microsoft Visual Studio Solution File, Format Version 12.00
# Visual Studio Version 17
VisualStudioVersion = 17.11.35327.3
MinimumVisualStudioVersion = 10.0.40219.1
Project("{FAE04EC0-301F-11D3-BF4B-00C04F79EFBC}") = "301326117(Serrano)_Lab1", "301326117(Serrano)_Lab1\301326117(Serrano)_Lab1.csproj", "{7EBE24F0-3960-421F-850C-7B97EAA79FB0}"
EndProject
Global
	GlobalSection(SolutionConfigurationPlatforms) = preSolution
		Debug|Any CPU = Debug|Any CPU
		Release|Any CPU = Release|Any CPU
	EndGlobalSection
	GlobalSection(ProjectConfigurationPlatforms) = postSolution
		{7EBE24F0-3960-421F-850C-7B97EAA79FB0}.Debug|Any CPU.ActiveCfg = Debug|Any CPU
		{7EBE24F0-3960-421F-850C-7B97EAA79FB0}.Debug|Any CPU.Build.0 = Debug|Any CPU
		{7EBE24F0-3960-421F-850C-7B97EAA79FB0}.Release|Any CPU.ActiveCfg = Release|Any CPU
		{7EBE24F0-3960-421F-850C-7B97EAA79FB0}.Release|Any CPU.Build.0 = Release|Any CPU
	EndGlobalSection
	GlobalSection(SolutionProperties) = preSolution
		HideSolutionNode = FALSE
	EndGlobalSection
	GlobalSection(ExtensibilityGlobals) = postSolution
		SolutionGuid = {E91C27E8-8C5A-43AC-9B5E-99FA8F1A92C0}
	EndGlobalSection
EndGlobal
